Microsoft Visual Studio Solution File, Format Version 12.00
# Visual Studio 15
VisualStudioVersion = 15.0.26430.14
MinimumVisualStudioVersion = 10.0.40219.1
Project("{FAE04EC0-301F-11D3-BF4B-00C04F79EFBC}") = "Bxf.Wpf", "Bxf.Wpf\Bxf.Wpf.csproj", "{CC1EF2C8-7D92-41A0-A89F-4B897A1240D6}"
EndProject
Project("{D954291E-2A0B-460D-934E-DC6B0785DB48}") = "Bxf.Shared", "Bxf.Shared\Bxf.Shared.shproj", "{C66CEE61-6A05-4742-8CB0-FAFA94C26EEC}"
EndProject
Project("{FAE04EC0-301F-11D3-BF4B-00C04F79EFBC}") = "Bxf.Wpf.4.6", "Bxf.Wpf.4.6\Bxf.Wpf.4.6.csproj", "{6B420836-E229-4471-9160-44CCB891CA16}"
EndProject
Project("{FAE04EC0-301F-11D3-BF4B-00C04F79EFBC}") = "Bxf.Uwp", "Bxf.Uwp\Bxf.Uwp.csproj", "{A60601DC-3FA8-4301-A6C3-31DE4FB64948}"
EndProject
Project("{FAE04EC0-301F-11D3-BF4B-00C04F79EFBC}") = "Bxf.Pcl_111", "Bxf.Pcl_111\Bxf.Pcl_111.csproj", "{67F9D3A8-F71E-4428-913F-C37AE82CDB24}"
EndProject
Global
	GlobalSection(SharedMSBuildProjectFiles) = preSolution
		Bxf.Shared\Bxf.Shared.projitems*{67f9d3a8-f71e-4428-913f-c37ae82cdb24}*SharedItemsImports = 4
		Bxf.Shared\Bxf.Shared.projitems*{6b420836-e229-4471-9160-44ccb891ca16}*SharedItemsImports = 4
		Bxf.Shared\Bxf.Shared.projitems*{a60601dc-3fa8-4301-a6c3-31de4fb64948}*SharedItemsImports = 4
		Bxf.Shared\Bxf.Shared.projitems*{c66cee61-6a05-4742-8cb0-fafa94c26eec}*SharedItemsImports = 13
		Bxf.Shared\Bxf.Shared.projitems*{cc1ef2c8-7d92-41a0-a89f-4b897a1240d6}*SharedItemsImports = 4
	EndGlobalSection
	GlobalSection(SolutionConfigurationPlatforms) = preSolution
		Debug|Any CPU = Debug|Any CPU
		Debug|ARM = Debug|ARM
		Debug|x64 = Debug|x64
		Debug|x86 = Debug|x86
		Release|Any CPU = Release|Any CPU
		Release|ARM = Release|ARM
		Release|x64 = Release|x64
		Release|x86 = Release|x86
	EndGlobalSection
	GlobalSection(ProjectConfigurationPlatforms) = postSolution
		{CC1EF2C8-7D92-41A0-A89F-4B897A1240D6}.Debug|Any CPU.ActiveCfg = Debug|Any CPU
		{CC1EF2C8-7D92-41A0-A89F-4B897A1240D6}.Debug|Any CPU.Build.0 = Debug|Any CPU
		{CC1EF2C8-7D92-41A0-A89F-4B897A1240D6}.Debug|ARM.ActiveCfg = Debug|Any CPU
		{CC1EF2C8-7D92-41A0-A89F-4B897A1240D6}.Debug|x64.ActiveCfg = Debug|Any CPU
		{CC1EF2C8-7D92-41A0-A89F-4B897A1240D6}.Debug|x64.Build.0 = Debug|Any CPU
		{CC1EF2C8-7D92-41A0-A89F-4B897A1240D6}.Debug|x86.ActiveCfg = Debug|Any CPU
		{CC1EF2C8-7D92-41A0-A89F-4B897A1240D6}.Release|Any CPU.ActiveCfg = Release|Any CPU
		{CC1EF2C8-7D92-41A0-A89F-4B897A1240D6}.Release|Any CPU.Build.0 = Release|Any CPU
		{CC1EF2C8-7D92-41A0-A89F-4B897A1240D6}.Release|ARM.ActiveCfg = Release|Any CPU
		{CC1EF2C8-7D92-41A0-A89F-4B897A1240D6}.Release|x64.ActiveCfg = Release|Any CPU
		{CC1EF2C8-7D92-41A0-A89F-4B897A1240D6}.Release|x64.Build.0 = Release|Any CPU
		{CC1EF2C8-7D92-41A0-A89F-4B897A1240D6}.Release|x86.ActiveCfg = Release|Any CPU
		{6B420836-E229-4471-9160-44CCB891CA16}.Debug|Any CPU.ActiveCfg = Debug|Any CPU
		{6B420836-E229-4471-9160-44CCB891CA16}.Debug|Any CPU.Build.0 = Debug|Any CPU
		{6B420836-E229-4471-9160-44CCB891CA16}.Debug|ARM.ActiveCfg = Debug|Any CPU
		{6B420836-E229-4471-9160-44CCB891CA16}.Debug|ARM.Build.0 = Debug|Any CPU
		{6B420836-E229-4471-9160-44CCB891CA16}.Debug|x64.ActiveCfg = Debug|Any CPU
		{6B420836-E229-4471-9160-44CCB891CA16}.Debug|x64.Build.0 = Debug|Any CPU
		{6B420836-E229-4471-9160-44CCB891CA16}.Debug|x86.ActiveCfg = Debug|Any CPU
		{6B420836-E229-4471-9160-44CCB891CA16}.Debug|x86.Build.0 = Debug|Any CPU
		{6B420836-E229-4471-9160-44CCB891CA16}.Release|Any CPU.ActiveCfg = Release|Any CPU
		{6B420836-E229-4471-9160-44CCB891CA16}.Release|Any CPU.Build.0 = Release|Any CPU
		{6B420836-E229-4471-9160-44CCB891CA16}.Release|ARM.ActiveCfg = Release|Any CPU
		{6B420836-E229-4471-9160-44CCB891CA16}.Release|ARM.Build.0 = Release|Any CPU
		{6B420836-E229-4471-9160-44CCB891CA16}.Release|x64.ActiveCfg = Release|Any CPU
		{6B420836-E229-4471-9160-44CCB891CA16}.Release|x64.Build.0 = Release|Any CPU
		{6B420836-E229-4471-9160-44CCB891CA16}.Release|x86.ActiveCfg = Release|Any CPU
		{6B420836-E229-4471-9160-44CCB891CA16}.Release|x86.Build.0 = Release|Any CPU
		{A60601DC-3FA8-4301-A6C3-31DE4FB64948}.Debug|Any CPU.ActiveCfg = Debug|Any CPU
		{A60601DC-3FA8-4301-A6C3-31DE4FB64948}.Debug|Any CPU.Build.0 = Debug|Any CPU
		{A60601DC-3FA8-4301-A6C3-31DE4FB64948}.Debug|ARM.ActiveCfg = Debug|ARM
		{A60601DC-3FA8-4301-A6C3-31DE4FB64948}.Debug|ARM.Build.0 = Debug|ARM
		{A60601DC-3FA8-4301-A6C3-31DE4FB64948}.Debug|x64.ActiveCfg = Debug|x64
		{A60601DC-3FA8-4301-A6C3-31DE4FB64948}.Debug|x64.Build.0 = Debug|x64
		{A60601DC-3FA8-4301-A6C3-31DE4FB64948}.Debug|x86.ActiveCfg = Debug|x86
		{A60601DC-3FA8-4301-A6C3-31DE4FB64948}.Debug|x86.Build.0 = Debug|x86
		{A60601DC-3FA8-4301-A6C3-31DE4FB64948}.Release|Any CPU.ActiveCfg = Release|Any CPU
		{A60601DC-3FA8-4301-A6C3-31DE4FB64948}.Release|Any CPU.Build.0 = Release|Any CPU
		{A60601DC-3FA8-4301-A6C3-31DE4FB64948}.Release|ARM.ActiveCfg = Release|ARM
		{A60601DC-3FA8-4301-A6C3-31DE4FB64948}.Release|ARM.Build.0 = Release|ARM
		{A60601DC-3FA8-4301-A6C3-31DE4FB64948}.Release|x64.ActiveCfg = Release|x64
		{A60601DC-3FA8-4301-A6C3-31DE4FB64948}.Release|x64.Build.0 = Release|x64
		{A60601DC-3FA8-4301-A6C3-31DE4FB64948}.Release|x86.ActiveCfg = Release|x86
		{A60601DC-3FA8-4301-A6C3-31DE4FB64948}.Release|x86.Build.0 = Release|x86
		{67F9D3A8-F71E-4428-913F-C37AE82CDB24}.Debug|Any CPU.ActiveCfg = Debug|Any CPU
		{67F9D3A8-F71E-4428-913F-C37AE82CDB24}.Debug|Any CPU.Build.0 = Debug|Any CPU
		{67F9D3A8-F71E-4428-913F-C37AE82CDB24}.Debug|ARM.ActiveCfg = Debug|Any CPU
		{67F9D3A8-F71E-4428-913F-C37AE82CDB24}.Debug|ARM.Build.0 = Debug|Any CPU
		{67F9D3A8-F71E-4428-913F-C37AE82CDB24}.Debug|x64.ActiveCfg = Debug|Any CPU
		{67F9D3A8-F71E-4428-913F-C37AE82CDB24}.Debug|x64.Build.0 = Debug|Any CPU
		{67F9D3A8-F71E-4428-913F-C37AE82CDB24}.Debug|x86.ActiveCfg = Debug|Any CPU
		{67F9D3A8-F71E-4428-913F-C37AE82CDB24}.Debug|x86.Build.0 = Debug|Any CPU
		{67F9D3A8-F71E-4428-913F-C37AE82CDB24}.Release|Any CPU.ActiveCfg = Release|Any CPU
		{67F9D3A8-F71E-4428-913F-C37AE82CDB24}.Release|Any CPU.Build.0 = Release|Any CPU
		{67F9D3A8-F71E-4428-913F-C37AE82CDB24}.Release|ARM.ActiveCfg = Release|Any CPU
		{67F9D3A8-F71E-4428-913F-C37AE82CDB24}.Release|ARM.Build.0 = Release|Any CPU
		{67F9D3A8-F71E-4428-913F-C37AE82CDB24}.Release|x64.ActiveCfg = Release|Any CPU
		{67F9D3A8-F71E-4428-913F-C37AE82CDB24}.Release|x64.Build.0 = Release|Any CPU
		{67F9D3A8-F71E-4428-913F-C37AE82CDB24}.Release|x86.ActiveCfg = Release|Any CPU
		{67F9D3A8-F71E-4428-913F-C37AE82CDB24}.Release|x86.Build.0 = Release|Any CPU
	EndGlobalSection
	GlobalSection(SolutionProperties) = preSolution
		HideSolutionNode = FALSE
	EndGlobalSection
EndGlobal
