
Microsoft Visual Studio Solution File, Format Version 10.00
# Visual Studio 2008
Project("{FAE04EC0-301F-11D3-BF4B-00C04F79EFBC}") = "Bxf.Silverlight2008", "Bxf.Silverlight\Bxf.Silverlight2008.csproj", "{C80773E6-D45F-4C10-8296-14164FEAA91D}"
EndProject
Project("{FAE04EC0-301F-11D3-BF4B-00C04F79EFBC}") = "Bxf.Wpf2008", "Bxf.Wpf\Bxf.Wpf2008.csproj", "{FFDE80E8-55E3-4430-92B4-AB1C9E0EAB59}"
EndProject
Global
	GlobalSection(SolutionConfigurationPlatforms) = preSolution
		Debug|Any CPU = Debug|Any CPU
		Release|Any CPU = Release|Any CPU
	EndGlobalSection
	GlobalSection(ProjectConfigurationPlatforms) = postSolution
		{C80773E6-D45F-4C10-8296-14164FEAA91D}.Debug|Any CPU.ActiveCfg = Debug|Any CPU
		{C80773E6-D45F-4C10-8296-14164FEAA91D}.Debug|Any CPU.Build.0 = Debug|Any CPU
		{C80773E6-D45F-4C10-8296-14164FEAA91D}.Release|Any CPU.ActiveCfg = Release|Any CPU
		{C80773E6-D45F-4C10-8296-14164FEAA91D}.Release|Any CPU.Build.0 = Release|Any CPU
		{FFDE80E8-55E3-4430-92B4-AB1C9E0EAB59}.Debug|Any CPU.ActiveCfg = Debug|Any CPU
		{FFDE80E8-55E3-4430-92B4-AB1C9E0EAB59}.Debug|Any CPU.Build.0 = Debug|Any CPU
		{FFDE80E8-55E3-4430-92B4-AB1C9E0EAB59}.Release|Any CPU.ActiveCfg = Release|Any CPU
		{FFDE80E8-55E3-4430-92B4-AB1C9E0EAB59}.Release|Any CPU.Build.0 = Release|Any CPU
	EndGlobalSection
	GlobalSection(SolutionProperties) = preSolution
		HideSolutionNode = FALSE
	EndGlobalSection
EndGlobal
