
Microsoft Visual Studio Solution File, Format Version 11.00
# Visual Studio 2010
Project("{FAE04EC0-301F-11D3-BF4B-00C04F79EFBC}") = "UsingBxfNav", "UsingBxfNav\UsingBxfNav.csproj", "{D2CA87C8-916E-4014-8BED-365C1054B89C}"
EndProject
Project("{FAE04EC0-301F-11D3-BF4B-00C04F79EFBC}") = "UsingBxfNav.Web", "UsingBxfNav.Web\UsingBxfNav.Web.csproj", "{DEFDB724-229D-4E81-9605-07DFFBB8DE94}"
EndProject
Global
	GlobalSection(SolutionConfigurationPlatforms) = preSolution
		Debug|Any CPU = Debug|Any CPU
		Release|Any CPU = Release|Any CPU
	EndGlobalSection
	GlobalSection(ProjectConfigurationPlatforms) = postSolution
		{D2CA87C8-916E-4014-8BED-365C1054B89C}.Debug|Any CPU.ActiveCfg = Debug|Any CPU
		{D2CA87C8-916E-4014-8BED-365C1054B89C}.Debug|Any CPU.Build.0 = Debug|Any CPU
		{D2CA87C8-916E-4014-8BED-365C1054B89C}.Release|Any CPU.ActiveCfg = Release|Any CPU
		{D2CA87C8-916E-4014-8BED-365C1054B89C}.Release|Any CPU.Build.0 = Release|Any CPU
		{DEFDB724-229D-4E81-9605-07DFFBB8DE94}.Debug|Any CPU.ActiveCfg = Debug|Any CPU
		{DEFDB724-229D-4E81-9605-07DFFBB8DE94}.Debug|Any CPU.Build.0 = Debug|Any CPU
		{DEFDB724-229D-4E81-9605-07DFFBB8DE94}.Release|Any CPU.ActiveCfg = Release|Any CPU
		{DEFDB724-229D-4E81-9605-07DFFBB8DE94}.Release|Any CPU.Build.0 = Release|Any CPU
	EndGlobalSection
	GlobalSection(SolutionProperties) = preSolution
		HideSolutionNode = FALSE
	EndGlobalSection
EndGlobal
